schema: '2.0'
stages:
  preprocessing:
    cmd: python src/preprocessing.py --config=params.yaml
    deps:
    - path: src/preprocessing.py
      md5: 083b86b39d4d7a3fe2f081b0a9a511ba
      size: 1864
    params:
      params.yaml:
        preprocessing:
          db_level: 25
          raw_audio_pos: data/raw/cohort_1_pos.npy
          raw_audio_neg: data/raw/cohort_1_neg.npy
          processed_audio_pos: data/preprocessed/pre_cohort_1_pos.npy
          processed_audio_neg: data/preprocessed/pre_cohort_1_neg.npy
    outs:
    - path: data/preprocessed/pre_cohort_1_neg.npy
      md5: 2e427d69bc891c45e3e3c7d300f586d7
      size: 336218528
    - path: data/preprocessed/pre_cohort_1_pos.npy
      md5: 53d885053c1a32426f9f14bba484f9cc
      size: 169344128
  feature_extraction:
    cmd: python src/feature_extraction.py --config=params.yaml
    deps:
    - path: data/preprocessed/pre_cohort_1_neg.npy
      md5: 2e427d69bc891c45e3e3c7d300f586d7
      size: 336218528
    - path: data/preprocessed/pre_cohort_1_pos.npy
      md5: 53d885053c1a32426f9f14bba484f9cc
      size: 169344128
    - path: src/feature_extraction.py
      md5: b4042b96e38e4ce974fe0aa5b1ff5cee
      size: 4146
    params:
      params.yaml:
        feature_extraction:
          features_path: data/features/covid_features.csv
          target_column: status
        preprocessing:
          db_level: 25
          raw_audio_pos: data/raw/cohort_1_pos.npy
          raw_audio_neg: data/raw/cohort_1_neg.npy
          processed_audio_pos: data/preprocessed/pre_cohort_1_pos.npy
          processed_audio_neg: data/preprocessed/pre_cohort_1_neg.npy
    outs:
    - path: data/features/covid_features.csv
      md5: 95faa8d89dc6e84a5eafd81d56603d98
      size: 11023423
  data_split:
    cmd: python src/data_split.py --config=params.yaml
    deps:
    - path: data/features/covid_features.csv
      md5: 95faa8d89dc6e84a5eafd81d56603d98
      size: 11023423
    - path: src/data_split.py
      md5: fbd5e21768c9c6a8e4cbc3a9295977d1
      size: 956
    params:
      params.yaml:
        base:
          random_state: 42
        data_split:
          test_size: 0.2
          trainset_path: data/features/train.csv
          testset_path: data/features/test.csv
        feature_extraction:
          features_path: data/features/covid_features.csv
          target_column: status
    outs:
    - path: data/features/test.csv
      md5: 3efbd69791c8fa90b1bc972d916270a0
      size: 2202319
    - path: data/features/train.csv
      md5: 23d3ac1c3d171ab2369dc392538ec7ba
      size: 8786679
  train:
    cmd: python src/train_and_evaluate.py --config=params.yaml
    deps:
    - path: data/features/test.csv
      md5: 3efbd69791c8fa90b1bc972d916270a0
      size: 2202319
    - path: data/features/train.csv
      md5: 23d3ac1c3d171ab2369dc392538ec7ba
      size: 8786679
    - path: src/train_and_evaluate.py
      md5: 4f1b2b8f63f74165dd2fa4abaadcfdbb
      size: 3478
    params:
      params.yaml:
        base:
          random_state: 42
        data_split:
          test_size: 0.2
          trainset_path: data/features/train.csv
          testset_path: data/features/test.csv
        evaluate:
          reports_dir: reports
          metrics_file: metrics.json
          confusion_matrix_image: confusion_matrix.png
          confusion_matrix_data: confusion_matrix_data.csv
        feature_extraction.target_column: status
        train:
          model_path: models/xgb_models.joblib
    outs:
    - path: models/xgb_models.joblib
      md5: 3643ace7ed549f6ee908b5070eeb9d29
      size: 8768496
    - path: reports/confusion_matrix.png
      md5: 40c5bd18d9ba89a51e65fb9f1f339b7e
      size: 24609
    - path: reports/metrics.json
      md5: e2365285fa1edfd522f2d6fbd6360b66
      size: 32
  evaluate:
    cmd: python src/evaluate_and_visualize.py --config=params.yaml
    deps:
    - path: data/features/test.csv
      md5: b0586fb535130d306222da001c161ece
      size: 2292986
    - path: models/xgb_models.joblib
      md5: 9a432820908ae93916acb6935f73d153
      size: 176548
    - path: src/evaluate_and_visualize.py
      md5: ff6b6ff6c32f6a1bdda68acab8ec936b
      size: 2720
    params:
      params.yaml:
        base:
          random_state: 42
        data_split.testset_path: data/features/test.csv
        evaluate:
          reports_dir: reports
          metrics_file: metrics.json
          confusion_matrix_image: confusion_matrix.png
          confusion_matrix_data: confusion_matrix_data.csv
        feature_extraction.target_column: status
    outs:
    - path: reports/confusion_matrix.png
      md5: 0de05936e0445de47e11183fbea092ab
      size: 24732
    - path: reports/metrics.json
      md5: 66c447a5640a2411fd5aa38454cc0f05
      size: 32
